Microsoft Visual Studio Solution File, Format Version 12.00
# Visual Studio Version 17
VisualStudioVersion = 17.5.2.0
MinimumVisualStudioVersion = 10.0.40219.1
Project("{FAE04EC0-301F-11D3-BF4B-00C04F79EFBC}") = "WebApplication11", "WebApplication11.csproj", "{B6779D2D-6C01-6F9D-BD61-42CB8D15D28C}"
EndProject
Global
	GlobalSection(SolutionConfigurationPlatforms) = preSolution
		Debug|Any CPU = Debug|Any CPU
		Release|Any CPU = Release|Any CPU
	EndGlobalSection
	GlobalSection(ProjectConfigurationPlatforms) = postSolution
		{B6779D2D-6C01-6F9D-BD61-42CB8D15D28C}.Debug|Any CPU.ActiveCfg = Debug|Any CPU
		{B6779D2D-6C01-6F9D-BD61-42CB8D15D28C}.Debug|Any CPU.Build.0 = Debug|Any CPU
		{B6779D2D-6C01-6F9D-BD61-42CB8D15D28C}.Release|Any CPU.ActiveCfg = Release|Any CPU
		{B6779D2D-6C01-6F9D-BD61-42CB8D15D28C}.Release|Any CPU.Build.0 = Release|Any CPU
	EndGlobalSection
	GlobalSection(SolutionProperties) = preSolution
		HideSolutionNode = FALSE
	EndGlobalSection
	GlobalSection(ExtensibilityGlobals) = postSolution
		SolutionGuid = {31CD6554-8F7A-443A-B2CB-002E188A329B}
	EndGlobalSection
EndGlobal
